
Microsoft Visual Studio Solution File, Format Version 12.00
# Visual Studio Version 17
VisualStudioVersion = 17.9.34714.143
MinimumVisualStudioVersion = 10.0.40219.1
Project("{FAE04EC0-301F-11D3-BF4B-00C04F79EFBC}") = "BackEndApplication", "BackEndApplication\BackEndApplication.csproj", "{E7132204-4810-49E9-8C5D-75ED682A85B0}"
EndProject
Global
	GlobalSection(SolutionConfigurationPlatforms) = preSolution
		Debug|Any CPU = Debug|Any CPU
		Release|Any CPU = Release|Any CPU
	EndGlobalSection
	GlobalSection(ProjectConfigurationPlatforms) = postSolution
		{E7132204-4810-49E9-8C5D-75ED682A85B0}.Debug|Any CPU.ActiveCfg = Debug|Any CPU
		{E7132204-4810-49E9-8C5D-75ED682A85B0}.Debug|Any CPU.Build.0 = Debug|Any CPU
		{E7132204-4810-49E9-8C5D-75ED682A85B0}.Release|Any CPU.ActiveCfg = Release|Any CPU
		{E7132204-4810-49E9-8C5D-75ED682A85B0}.Release|Any CPU.Build.0 = Release|Any CPU
	EndGlobalSection
	GlobalSection(SolutionProperties) = preSolution
		HideSolutionNode = FALSE
	EndGlobalSection
	GlobalSection(ExtensibilityGlobals) = postSolution
		SolutionGuid = {F6761D32-0E1D-4287-99F3-01FC43F6B007}
	EndGlobalSection
EndGlobal
